{
  "name": "iss-tracker",
  "version": "1.0.0",
  "lockfileVersion": 2,
  "requires": true,
  "packages": {
    "": {
      "name": "iss-tracker",
      "version": "1.0.0",
      "license": "ISC",
      "dependencies": {
        "satellite.js": "^4.1.4"
      }
    },
    "node_modules/satellite.js": {
      "version": "4.1.4",
      "resolved": "https://registry.npmjs.org/satellite.js/-/satellite.js-4.1.4.tgz",
      "integrity": "sha512-OGUrs1GoGKjy9FYbW2ZaM5slaPfJaYrcxjE3YQTeR/OGyFPCxb6HK22Chao55POU06pdmNAdW5rtKJURse0+XA=="
    }
  },
  "dependencies": {
    "satellite.js": {
      "version": "4.1.4",
      "resolved": "https://registry.npmjs.org/satellite.js/-/satellite.js-4.1.4.tgz",
      "integrity": "sha512-OGUrs1GoGKjy9FYbW2ZaM5slaPfJaYrcxjE3YQTeR/OGyFPCxb6HK22Chao55POU06pdmNAdW5rtKJURse0+XA=="
    }
  }
}
